// !$*UTF8*$!
{
	archiveVersion = 1;
	classes = {
	};
	objectVersion = 51;
	objects = {

/* Begin PBXBuildFile section */
		1DE9FFE520960332342AD11E /* Pods_test_voucher.framework in Frameworks */ = {isa = PBXBuildFile; fileRef = 1594BA86B67DADED4BF99D73 /* Pods_test_voucher.framework */; };
		6067E6FA256651B200E65455 /* AppDelegate.swift in Sources */ = {isa = PBXBuildFile; fileRef = 6067E6F9256651B200E65455 /* AppDelegate.swift */; };
		6067E6FC256651B200E65455 /* SceneDelegate.swift in Sources */ = {isa = PBXBuildFile; fileRef = 6067E6FB256651B200E65455 /* SceneDelegate.swift */; };
		6067E6FE256651B200E65455 /* ViewController.swift in Sources */ = {isa = PBXBuildFile; fileRef = 6067E6FD256651B200E65455 /* ViewController.swift */; };
		6067E701256651B200E65455 /* Main.storyboard in Resources */ = {isa = PBXBuildFile; fileRef = 6067E6FF256651B200E65455 /* Main.storyboard */; };
		6067E703256651B400E65455 /* Assets.xcassets in Resources */ = {isa = PBXBuildFile; fileRef = 6067E702256651B400E65455 /* Assets.xcassets */; };
		6067E706256651B400E65455 /* LaunchScreen.storyboard in Resources */ = {isa = PBXBuildFile; fileRef = 6067E704256651B400E65455 /* LaunchScreen.storyboard */; };
		6067E70E2566529F00E65455 /* SDDSVoucherCard2.swift in Sources */ = {isa = PBXBuildFile; fileRef = 6067E70D2566529F00E65455 /* SDDSVoucherCard2.swift */; };
		6067E7122566530000E65455 /* SDDSVoucherCard2.xib in Resources */ = {isa = PBXBuildFile; fileRef = 6067E7112566530000E65455 /* SDDSVoucherCard2.xib */; };
		6067E716256678DB00E65455 /* models.swift in Sources */ = {isa = PBXBuildFile; fileRef = 6067E715256678DB00E65455 /* models.swift */; };
		60901D6F256B5B7D00FF6418 /* extensions.swift in Sources */ = {isa = PBXBuildFile; fileRef = 60901D6E256B5B7D00FF6418 /* extensions.swift */; };
		60A66A8B256CACA6004F39A8 /* CustomVoucherShape.swift in Sources */ = {isa = PBXBuildFile; fileRef = 60A66A8A256CACA6004F39A8 /* CustomVoucherShape.swift */; };
/* End PBXBuildFile section */

/* Begin PBXFileReference section */
		036FB1B3B9A7706C97A7332D /* Pods-test_voucher.debug.xcconfig */ = {isa = PBXFileReference; includeInIndex = 1; lastKnownFileType = text.xcconfig; name = "Pods-test_voucher.debug.xcconfig"; path = "Target Support Files/Pods-test_voucher/Pods-test_voucher.debug.xcconfig"; sourceTree = "<group>"; };
		1594BA86B67DADED4BF99D73 /* Pods_test_voucher.framework */ = {isa = PBXFileReference; explicitFileType = wrapper.framework; includeInIndex = 0; path = Pods_test_voucher.framework; sourceTree = BUILT_PRODUCTS_DIR; };
		15A82BA5C4F31AA8FD380AAA /* Pods-test_voucher.release.xcconfig */ = {isa = PBXFileReference; includeInIndex = 1; lastKnownFileType = text.xcconfig; name = "Pods-test_voucher.release.xcconfig"; path = "Target Support Files/Pods-test_voucher/Pods-test_voucher.release.xcconfig"; sourceTree = "<group>"; };
		6067E6F6256651B200E65455 /* test_voucher.app */ = {isa = PBXFileReference; explicitFileType = wrapper.application; includeInIndex = 0; path = test_voucher.app; sourceTree = BUILT_PRODUCTS_DIR; };
		6067E6F9256651B200E65455 /* AppDelegate.swift */ = {isa = PBXFileReference; lastKnownFileType = sourcecode.swift; path = AppDelegate.swift; sourceTree = "<group>"; };
		6067E6FB256651B200E65455 /* SceneDelegate.swift */ = {isa = PBXFileReference; lastKnownFileType = sourcecode.swift; path = SceneDelegate.swift; sourceTree = "<group>"; };
		6067E6FD256651B200E65455 /* ViewController.swift */ = {isa = PBXFileReference; lastKnownFileType = sourcecode.swift; path = ViewController.swift; sourceTree = "<group>"; };
		6067E700256651B200E65455 /* Base */ = {isa = PBXFileReference; lastKnownFileType = file.storyboard; name = Base; path = Base.lproj/Main.storyboard; sourceTree = "<group>"; };
		6067E702256651B400E65455 /* Assets.xcassets */ = {isa = PBXFileReference; lastKnownFileType = folder.assetcatalog; path = Assets.xcassets; sourceTree = "<group>"; };
		6067E705256651B400E65455 /* Base */ = {isa = PBXFileReference; lastKnownFileType = file.storyboard; name = Base; path = Base.lproj/LaunchScreen.storyboard; sourceTree = "<group>"; };
		6067E707256651B400E65455 /* Info.plist */ = {isa = PBXFileReference; lastKnownFileType = text.plist.xml; path = Info.plist; sourceTree = "<group>"; };
		6067E70D2566529F00E65455 /* SDDSVoucherCard2.swift */ = {isa = PBXFileReference; lastKnownFileType = sourcecode.swift; path = SDDSVoucherCard2.swift; sourceTree = "<group>"; };
		6067E7112566530000E65455 /* SDDSVoucherCard2.xib */ = {isa = PBXFileReference; lastKnownFileType = file.xib; path = SDDSVoucherCard2.xib; sourceTree = "<group>"; };
		6067E715256678DB00E65455 /* models.swift */ = {isa = PBXFileReference; lastKnownFileType = sourcecode.swift; path = models.swift; sourceTree = "<group>"; };
		60901D6E256B5B7D00FF6418 /* extensions.swift */ = {isa = PBXFileReference; lastKnownFileType = sourcecode.swift; path = extensions.swift; sourceTree = "<group>"; };
		60A66A8A256CACA6004F39A8 /* CustomVoucherShape.swift */ = {isa = PBXFileReference; lastKnownFileType = sourcecode.swift; path = CustomVoucherShape.swift; sourceTree = "<group>"; };
/* End PBXFileReference section */

/* Begin PBXFrameworksBuildPhase section */
		6067E6F3256651B200E65455 /* Frameworks */ = {
			isa = PBXFrameworksBuildPhase;
			buildActionMask = 2147483647;
			files = (
				1DE9FFE520960332342AD11E /* Pods_test_voucher.framework in Frameworks */,
			);
			runOnlyForDeploymentPostprocessing = 0;
		};
/* End PBXFrameworksBuildPhase section */

/* Begin PBXGroup section */
		3A6CC43FF8F473A313D904F9 /* Frameworks */ = {
			isa = PBXGroup;
			children = (
				1594BA86B67DADED4BF99D73 /* Pods_test_voucher.framework */,
			);
			name = Frameworks;
			sourceTree = "<group>";
		};
		6067E6ED256651B200E65455 = {
			isa = PBXGroup;
			children = (
				6067E6F8256651B200E65455 /* test_voucher */,
				6067E6F7256651B200E65455 /* Products */,
				A8E270680DB20455B0929B91 /* Pods */,
				3A6CC43FF8F473A313D904F9 /* Frameworks */,
			);
			sourceTree = "<group>";
		};
		6067E6F7256651B200E65455 /* Products */ = {
			isa = PBXGroup;
			children = (
				6067E6F6256651B200E65455 /* test_voucher.app */,
			);
			name = Products;
			sourceTree = "<group>";
		};
		6067E6F8256651B200E65455 /* test_voucher */ = {
			isa = PBXGroup;
			children = (
				6067E6F9256651B200E65455 /* AppDelegate.swift */,
				6067E6FB256651B200E65455 /* SceneDelegate.swift */,
				6067E6FD256651B200E65455 /* ViewController.swift */,
				6067E6FF256651B200E65455 /* Main.storyboard */,
				6067E702256651B400E65455 /* Assets.xcassets */,
				6067E704256651B400E65455 /* LaunchScreen.storyboard */,
				6067E707256651B400E65455 /* Info.plist */,
				6067E70D2566529F00E65455 /* SDDSVoucherCard2.swift */,
				6067E7112566530000E65455 /* SDDSVoucherCard2.xib */,
				6067E715256678DB00E65455 /* models.swift */,
				60901D6E256B5B7D00FF6418 /* extensions.swift */,
				60A66A8A256CACA6004F39A8 /* CustomVoucherShape.swift */,
			);
			path = test_voucher;
			sourceTree = "<group>";
		};
		A8E270680DB20455B0929B91 /* Pods */ = {
			isa = PBXGroup;
			children = (
				036FB1B3B9A7706C97A7332D /* Pods-test_voucher.debug.xcconfig */,
				15A82BA5C4F31AA8FD380AAA /* Pods-test_voucher.release.xcconfig */,
			);
			path = Pods;
			sourceTree = "<group>";
		};
/* End PBXGroup section */

/* Begin PBXNativeTarget section */
		6067E6F5256651B200E65455 /* test_voucher */ = {
			isa = PBXNativeTarget;
			buildConfigurationList = 6067E70A256651B400E65455 /* Build configuration list for PBXNativeTarget "test_voucher" */;
			buildPhases = (
				76C8D5569D6A97C2C7F1C179 /* [CP] Check Pods Manifest.lock */,
				6067E6F2256651B200E65455 /* Sources */,
				6067E6F3256651B200E65455 /* Frameworks */,
				6067E6F4256651B200E65455 /* Resources */,
				9DF5678C0BCA997DAB106E90 /* [CP] Embed Pods Frameworks */,
			);
			buildRules = (
			);
			dependencies = (
			);
			name = test_voucher;
			productName = test_voucher;
			productReference = 6067E6F6256651B200E65455 /* test_voucher.app */;
			productType = "com.apple.product-type.application";
		};
/* End PBXNativeTarget section */

/* Begin PBXProject section */
		6067E6EE256651B200E65455 /* Project object */ = {
			isa = PBXProject;
			attributes = {
				LastSwiftUpdateCheck = 1120;
				LastUpgradeCheck = 1120;
				ORGANIZATIONNAME = "Ngo Van Quan";
				TargetAttributes = {
					6067E6F5256651B200E65455 = {
						CreatedOnToolsVersion = 11.2.1;
					};
				};
			};
			buildConfigurationList = 6067E6F1256651B200E65455 /* Build configuration list for PBXProject "test_voucher" */;
			compatibilityVersion = "Xcode 9.3";
			developmentRegion = en;
			hasScannedForEncodings = 0;
			knownRegions = (
				en,
				Base,
			);
			mainGroup = 6067E6ED256651B200E65455;
			productRefGroup = 6067E6F7256651B200E65455 /* Products */;
			projectDirPath = "";
			projectRoot = "";
			targets = (
				6067E6F5256651B200E65455 /* test_voucher */,
			);
		};
/* End PBXProject section */

/* Begin PBXResourcesBuildPhase section */
		6067E6F4256651B200E65455 /* Resources */ = {
			isa = PBXResourcesBuildPhase;
			buildActionMask = 2147483647;
			files = (
				6067E706256651B400E65455 /* LaunchScreen.storyboard in Resources */,
				6067E703256651B400E65455 /* Assets.xcassets in Resources */,
				6067E7122566530000E65455 /* SDDSVoucherCard2.xib in Resources */,
				6067E701256651B200E65455 /* Main.storyboard in Resources */,
			);
			runOnlyForDeploymentPostprocessing = 0;
		};
/* End PBXResourcesBuildPhase section */

/* Begin PBXShellScriptBuildPhase section */
		76C8D5569D6A97C2C7F1C179 /* [CP] Check Pods Manifest.lock */ = {
			isa = PBXShellScriptBuildPhase;
			buildActionMask = 2147483647;
			files = (
			);
			inputFileListPaths = (
			);
			inputPaths = (
				"${PODS_PODFILE_DIR_PATH}/Podfile.lock",
				"${PODS_ROOT}/Manifest.lock",
			);
			name = "[CP] Check Pods Manifest.lock";
			outputFileListPaths = (
			);
			outputPaths = (
				"$(DERIVED_FILE_DIR)/Pods-test_voucher-checkManifestLockResult.txt",
			);
			runOnlyForDeploymentPostprocessing = 0;
			shellPath = /bin/sh;
			shellScript = "diff \"${PODS_PODFILE_DIR_PATH}/Podfile.lock\" \"${PODS_ROOT}/Manifest.lock\" > /dev/null\nif [ $? != 0 ] ; then\n    # print error to STDERR\n    echo \"error: The sandbox is not in sync with the Podfile.lock. Run 'pod install' or update your CocoaPods installation.\" >&2\n    exit 1\nfi\n# This output is used by Xcode 'outputs' to avoid re-running this script phase.\necho \"SUCCESS\" > \"${SCRIPT_OUTPUT_FILE_0}\"\n";
			showEnvVarsInLog = 0;
		};
		9DF5678C0BCA997DAB106E90 /* [CP] Embed Pods Frameworks */ = {
			isa = PBXShellScriptBuildPhase;
			buildActionMask = 2147483647;
			files = (
			);
			inputFileListPaths = (
				"${PODS_ROOT}/Target Support Files/Pods-test_voucher/Pods-test_voucher-frameworks-${CONFIGURATION}-input-files.xcfilelist",
			);
			name = "[CP] Embed Pods Frameworks";
			outputFileListPaths = (
				"${PODS_ROOT}/Target Support Files/Pods-test_voucher/Pods-test_voucher-frameworks-${CONFIGURATION}-output-files.xcfilelist",
			);
			runOnlyForDeploymentPostprocessing = 0;
			shellPath = /bin/sh;
			shellScript = "\"${PODS_ROOT}/Target Support Files/Pods-test_voucher/Pods-test_voucher-frameworks.sh\"\n";
			showEnvVarsInLog = 0;
		};
/* End PBXShellScriptBuildPhase section */

/* Begin PBXSourcesBuildPhase section */
		6067E6F2256651B200E65455 /* Sources */ = {
			isa = PBXSourcesBuildPhase;
			buildActionMask = 2147483647;
			files = (
				6067E716256678DB00E65455 /* models.swift in Sources */,
				6067E6FE256651B200E65455 /* ViewController.swift in Sources */,
				60A66A8B256CACA6004F39A8 /* CustomVoucherShape.swift in Sources */,
				6067E70E2566529F00E65455 /* SDDSVoucherCard2.swift in Sources */,
				6067E6FA256651B200E65455 /* AppDelegate.swift in Sources */,
				6067E6FC256651B200E65455 /* SceneDelegate.swift in Sources */,
				60901D6F256B5B7D00FF6418 /* extensions.swift in Sources */,
			);
			runOnlyForDeploymentPostprocessing = 0;
		};
/* End PBXSourcesBuildPhase section */

/* Begin PBXVariantGroup section */
		6067E6FF256651B200E65455 /* Main.storyboard */ = {
			isa = PBXVariantGroup;
			children = (
				6067E700256651B200E65455 /* Base */,
			);
			name = Main.storyboard;
			sourceTree = "<group>";
		};
		6067E704256651B400E65455 /* LaunchScreen.storyboard */ = {
			isa = PBXVariantGroup;
			children = (
				6067E705256651B400E65455 /* Base */,
			);
			name = LaunchScreen.storyboard;
			sourceTree = "<group>";
		};
/* End PBXVariantGroup section */

/* Begin XCBuildConfiguration section */
		6067E708256651B400E65455 /* Debug */ = {
			isa = XCBuildConfiguration;
			buildSettings = {
				ALWAYS_SEARCH_USER_PATHS = NO;
				CLANG_ANALYZER_NONNULL = YES;
				CLANG_ANALYZER_NUMBER_OBJECT_CONVERSION = YES_AGGRESSIVE;
				CLANG_CXX_LANGUAGE_STANDARD = "gnu++14";
				CLANG_CXX_LIBRARY = "libc++";
				CLANG_ENABLE_MODULES = YES;
				CLANG_ENABLE_OBJC_ARC = YES;
				CLANG_ENABLE_OBJC_WEAK = YES;
				CLANG_WARN_BLOCK_CAPTURE_AUTORELEASING = YES;
				CLANG_WARN_BOOL_CONVERSION = YES;
				CLANG_WARN_COMMA = YES;
				CLANG_WARN_CONSTANT_CONVERSION = YES;
				CLANG_WARN_DEPRECATED_OBJC_IMPLEMENTATIONS = YES;
				CLANG_WARN_DIRECT_OBJC_ISA_USAGE = YES_ERROR;
				CLANG_WARN_DOCUMENTATION_COMMENTS = YES;
				CLANG_WARN_EMPTY_BODY = YES;
				CLANG_WARN_ENUM_CONVERSION = YES;
				CLANG_WARN_INFINITE_RECURSION = YES;
				CLANG_WARN_INT_CONVERSION = YES;
				CLANG_WARN_NON_LITERAL_NULL_CONVERSION = YES;
				CLANG_WARN_OBJC_IMPLICIT_RETAIN_SELF = YES;
				CLANG_WARN_OBJC_LITERAL_CONVERSION = YES;
				CLANG_WARN_OBJC_ROOT_CLASS = YES_ERROR;
				CLANG_WARN_RANGE_LOOP_ANALYSIS = YES;
				CLANG_WARN_STRICT_PROTOTYPES = YES;
				CLANG_WARN_SUSPICIOUS_MOVE = YES;
				CLANG_WARN_UNGUARDED_AVAILABILITY = YES_AGGRESSIVE;
				CLANG_WARN_UNREACHABLE_CODE = YES;
				CLANG_WARN__DUPLICATE_METHOD_MATCH = YES;
				COPY_PHASE_STRIP = NO;
				DEBUG_INFORMATION_FORMAT = dwarf;
				ENABLE_STRICT_OBJC_MSGSEND = YES;
				ENABLE_TESTABILITY = YES;
				GCC_C_LANGUAGE_STANDARD = gnu11;
				GCC_DYNAMIC_NO_PIC = NO;
				GCC_NO_COMMON_BLOCKS = YES;
				GCC_OPTIMIZATION_LEVEL = 0;
				GCC_PREPROCESSOR_DEFINITIONS = (
					"DEBUG=1",
					"$(inherited)",
				);
				GCC_WARN_64_TO_32_BIT_CONVERSION = YES;
				GCC_WARN_ABOUT_RETURN_TYPE = YES_ERROR;
				GCC_WARN_UNDECLARED_SELECTOR = YES;
				GCC_WARN_UNINITIALIZED_AUTOS = YES_AGGRESSIVE;
				GCC_WARN_UNUSED_FUNCTION = YES;
				GCC_WARN_UNUSED_VARIABLE = YES;
				IPHONEOS_DEPLOYMENT_TARGET = 10.0;
				MTL_ENABLE_DEBUG_INFO = INCLUDE_SOURCE;
				MTL_FAST_MATH = YES;
				ONLY_ACTIVE_ARCH = YES;
				SDKROOT = iphoneos;
				SWIFT_ACTIVE_COMPILATION_CONDITIONS = DEBUG;
				SWIFT_OPTIMIZATION_LEVEL = "-Onone";
			};
			name = Debug;
		};
		6067E709256651B400E65455 /* Release */ = {
			isa = XCBuildConfiguration;
			buildSettings = {
				ALWAYS_SEARCH_USER_PATHS = NO;
				CLANG_ANALYZER_NONNULL = YES;
				CLANG_ANALYZER_NUMBER_OBJECT_CONVERSION = YES_AGGRESSIVE;
				CLANG_CXX_LANGUAGE_STANDARD = "gnu++14";
				CLANG_CXX_LIBRARY = "libc++";
				CLANG_ENABLE_MODULES = YES;
				CLANG_ENABLE_OBJC_ARC = YES;
				CLANG_ENABLE_OBJC_WEAK = YES;
				CLANG_WARN_BLOCK_CAPTURE_AUTORELEASING = YES;
				CLANG_WARN_BOOL_CONVERSION = YES;
				CLANG_WARN_COMMA = YES;
				CLANG_WARN_CONSTANT_CONVERSION = YES;
				CLANG_WARN_DEPRECATED_OBJC_IMPLEMENTATIONS = YES;
				CLANG_WARN_DIRECT_OBJC_ISA_USAGE = YES_ERROR;
				CLANG_WARN_DOCUMENTATION_COMMENTS = YES;
				CLANG_WARN_EMPTY_BODY = YES;
				CLANG_WARN_ENUM_CONVERSION = YES;
				CLANG_WARN_INFINITE_RECURSION = YES;
				CLANG_WARN_INT_CONVERSION = YES;
				CLANG_WARN_NON_LITERAL_NULL_CONVERSION = YES;
				CLANG_WARN_OBJC_IMPLICIT_RETAIN_SELF = YES;
				CLANG_WARN_OBJC_LITERAL_CONVERSION = YES;
				CLANG_WARN_OBJC_ROOT_CLASS = YES_ERROR;
				CLANG_WARN_RANGE_LOOP_ANALYSIS = YES;
				CLANG_WARN_STRICT_PROTOTYPES = YES;
				CLANG_WARN_SUSPICIOUS_MOVE = YES;
				CLANG_WARN_UNGUARDED_AVAILABILITY = YES_AGGRESSIVE;
				CLANG_WARN_UNREACHABLE_CODE = YES;
				CLANG_WARN__DUPLICATE_METHOD_MATCH = YES;
				COPY_PHASE_STRIP = NO;
				DEBUG_INFORMATION_FORMAT = "dwarf-with-dsym";
				ENABLE_NS_ASSERTIONS = NO;
				ENABLE_STRICT_OBJC_MSGSEND = YES;
				GCC_C_LANGUAGE_STANDARD = gnu11;
				GCC_NO_COMMON_BLOCKS = YES;
				GCC_WARN_64_TO_32_BIT_CONVERSION = YES;
				GCC_WARN_ABOUT_RETURN_TYPE = YES_ERROR;
				GCC_WARN_UNDECLARED_SELECTOR = YES;
				GCC_WARN_UNINITIALIZED_AUTOS = YES_AGGRESSIVE;
				GCC_WARN_UNUSED_FUNCTION = YES;
				GCC_WARN_UNUSED_VARIABLE = YES;
				IPHONEOS_DEPLOYMENT_TARGET = 10.0;
				MTL_ENABLE_DEBUG_INFO = NO;
				MTL_FAST_MATH = YES;
				SDKROOT = iphoneos;
				SWIFT_COMPILATION_MODE = wholemodule;
				SWIFT_OPTIMIZATION_LEVEL = "-O";
				VALIDATE_PRODUCT = YES;
			};
			name = Release;
		};
		6067E70B256651B400E65455 /* Debug */ = {
			isa = XCBuildConfiguration;
			baseConfigurationReference = 036FB1B3B9A7706C97A7332D /* Pods-test_voucher.debug.xcconfig */;
			buildSettings = {
				ASSETCATALOG_COMPILER_APPICON_NAME = AppIcon;
				CODE_SIGN_STYLE = Automatic;
				DEVELOPMENT_TEAM = T2ZYL8JN5D;
				INFOPLIST_FILE = test_voucher/Info.plist;
				LD_RUNPATH_SEARCH_PATHS = (
					"$(inherited)",
					"@executable_path/Frameworks",
				);
				PRODUCT_BUNDLE_IDENTIFIER = "com.quanngovan98.test-voucher";
				PRODUCT_NAME = "$(TARGET_NAME)";
				SWIFT_VERSION = 5.0;
				TARGETED_DEVICE_FAMILY = "1,2";
			};
			name = Debug;
		};
		6067E70C256651B400E65455 /* Release */ = {
			isa = XCBuildConfiguration;
			baseConfigurationReference = 15A82BA5C4F31AA8FD380AAA /* Pods-test_voucher.release.xcconfig */;
			buildSettings = {
				ASSETCATALOG_COMPILER_APPICON_NAME = AppIcon;
				CODE_SIGN_STYLE = Automatic;
				DEVELOPMENT_TEAM = T2ZYL8JN5D;
				INFOPLIST_FILE = test_voucher/Info.plist;
				LD_RUNPATH_SEARCH_PATHS = (
					"$(inherited)",
					"@executable_path/Frameworks",
				);
				PRODUCT_BUNDLE_IDENTIFIER = "com.quanngovan98.test-voucher";
				PRODUCT_NAME = "$(TARGET_NAME)";
				SWIFT_VERSION = 5.0;
				TARGETED_DEVICE_FAMILY = "1,2";
			};
			name = Release;
		};
/* End XCBuildConfiguration section */

/* Begin XCConfigurationList section */
		6067E6F1256651B200E65455 /* Build configuration list for PBXProject "test_voucher" */ = {
			isa = XCConfigurationList;
			buildConfigurations = (
				6067E708256651B400E65455 /* Debug */,
				6067E709256651B400E65455 /* Release */,
			);
			defaultConfigurationIsVisible = 0;
			defaultConfigurationName = Release;
		};
		6067E70A256651B400E65455 /* Build configuration list for PBXNativeTarget "test_voucher" */ = {
			isa = XCConfigurationList;
			buildConfigurations = (
				6067E70B256651B400E65455 /* Debug */,
				6067E70C256651B400E65455 /* Release */,
			);
			defaultConfigurationIsVisible = 0;
			defaultConfigurationName = Release;
		};
/* End XCConfigurationList section */
	};
	rootObject = 6067E6EE256651B200E65455 /* Project object */;
}
